
Microsoft Visual Studio Solution File, Format Version 12.00
# Visual Studio Version 17
VisualStudioVersion = 17.7.34202.233
MinimumVisualStudioVersion = 10.0.40219.1
Project("{FAE04EC0-301F-11D3-BF4B-00C04F79EFBC}") = "IEczacim", "IEczacim\IEczacim.csproj", "{A1385EFB-4FDB-47CB-9728-8772F67F1487}"
EndProject
Project("{2150E333-8FDC-42A3-9474-1A3956D46DE8}") = "Solution Items", "Solution Items", "{34C01D37-FCE3-4C7A-A626-E99A0B34B994}"
	ProjectSection(SolutionItems) = preProject
		.editorconfig = .editorconfig
	EndProjectSection
EndProject
Global
	GlobalSection(SolutionConfigurationPlatforms) = preSolution
		Debug|Any CPU = Debug|Any CPU
		Release|Any CPU = Release|Any CPU
	EndGlobalSection
	GlobalSection(ProjectConfigurationPlatforms) = postSolution
		{A1385EFB-4FDB-47CB-9728-8772F67F1487}.Debug|Any CPU.ActiveCfg = Debug|Any CPU
		{A1385EFB-4FDB-47CB-9728-8772F67F1487}.Debug|Any CPU.Build.0 = Debug|Any CPU
		{A1385EFB-4FDB-47CB-9728-8772F67F1487}.Release|Any CPU.ActiveCfg = Release|Any CPU
		{A1385EFB-4FDB-47CB-9728-8772F67F1487}.Release|Any CPU.Build.0 = Release|Any CPU
	EndGlobalSection
	GlobalSection(SolutionProperties) = preSolution
		HideSolutionNode = FALSE
	EndGlobalSection
	GlobalSection(ExtensibilityGlobals) = postSolution
		SolutionGuid = {A0E5F5C0-0671-4C87-BB37-1042A306D908}
	EndGlobalSection
EndGlobal
